
Microsoft Visual Studio Solution File, Format Version 12.00
# Visual Studio Version 16
VisualStudioVersion = 16.0.29418.71
MinimumVisualStudioVersion = 10.0.40219.1
Project("{FAE04EC0-301F-11D3-BF4B-00C04F79EFBC}") = "LearnAndRead", "LearnAndRead\LearnAndRead.csproj", "{FF5992FF-F20A-4242-BAE6-6FBCBDB683BC}"
EndProject
Global
	GlobalSection(SolutionConfigurationPlatforms) = preSolution
		Debug|Any CPU = Debug|Any CPU
		Release|Any CPU = Release|Any CPU
	EndGlobalSection
	GlobalSection(ProjectConfigurationPlatforms) = postSolution
		{FF5992FF-F20A-4242-BAE6-6FBCBDB683BC}.Debug|Any CPU.ActiveCfg = Debug|Any CPU
		{FF5992FF-F20A-4242-BAE6-6FBCBDB683BC}.Debug|Any CPU.Build.0 = Debug|Any CPU
		{FF5992FF-F20A-4242-BAE6-6FBCBDB683BC}.Release|Any CPU.ActiveCfg = Release|Any CPU
		{FF5992FF-F20A-4242-BAE6-6FBCBDB683BC}.Release|Any CPU.Build.0 = Release|Any CPU
	EndGlobalSection
	GlobalSection(SolutionProperties) = preSolution
		HideSolutionNode = FALSE
	EndGlobalSection
	GlobalSection(ExtensibilityGlobals) = postSolution
		SolutionGuid = {F40E6C74-96F1-4621-B3C0-D95E5279D129}
	EndGlobalSection
EndGlobal
